
Microsoft Visual Studio Solution File, Format Version 12.00
# Visual Studio 14
VisualStudioVersion = 14.0.25420.1
MinimumVisualStudioVersion = 10.0.40219.1
Project("{2150E333-8FDC-42A3-9474-1A3956D46DE8}") = "src", "src", "{5898A9A9-DD93-41BF-AC01-34163E50A86F}"
EndProject
Project("{2150E333-8FDC-42A3-9474-1A3956D46DE8}") = "Solution Items", "Solution Items", "{7F39DB9E-FB35-4C10-B497-E2C6292E1520}"
	ProjectSection(SolutionItems) = preProject
		global.json = global.json
	EndProjectSection
EndProject
Project("{8BB2217D-0F2D-49D1-97BC-3654ED321F3B}") = "test3", "src\test3\test3.xproj", "{8EFFDE9B-7B5D-4197-9405-E5EAA26580BB}"
EndProject
Global
	GlobalSection(SolutionConfigurationPlatforms) = preSolution
		Debug|Any CPU = Debug|Any CPU
		Release|Any CPU = Release|Any CPU
	EndGlobalSection
	GlobalSection(ProjectConfigurationPlatforms) = postSolution
		{8EFFDE9B-7B5D-4197-9405-E5EAA26580BB}.Debug|Any CPU.ActiveCfg = Debug|Any CPU
		{8EFFDE9B-7B5D-4197-9405-E5EAA26580BB}.Debug|Any CPU.Build.0 = Debug|Any CPU
		{8EFFDE9B-7B5D-4197-9405-E5EAA26580BB}.Release|Any CPU.ActiveCfg = Release|Any CPU
		{8EFFDE9B-7B5D-4197-9405-E5EAA26580BB}.Release|Any CPU.Build.0 = Release|Any CPU
	EndGlobalSection
	GlobalSection(SolutionProperties) = preSolution
		HideSolutionNode = FALSE
	EndGlobalSection
	GlobalSection(NestedProjects) = preSolution
		{8EFFDE9B-7B5D-4197-9405-E5EAA26580BB} = {5898A9A9-DD93-41BF-AC01-34163E50A86F}
	EndGlobalSection
EndGlobal
